
Microsoft Visual Studio Solution File, Format Version 12.00
# Visual Studio Version 17
VisualStudioVersion = 17.6.33723.286
MinimumVisualStudioVersion = 10.0.40219.1
Project("{9A19103F-16F7-4668-BE54-9A1E7A4F7556}") = "KamiLib", "KamiLib.csproj", "{52A9E8E2-ACC7-4696-8684-5C4984D0350C}"
EndProject
Global
	GlobalSection(SolutionConfigurationPlatforms) = preSolution
		Debug|x64 = Debug|x64
		Release|x64 = Release|x64
	EndGlobalSection
	GlobalSection(ProjectConfigurationPlatforms) = postSolution
		{52A9E8E2-ACC7-4696-8684-5C4984D0350C}.Debug|x64.ActiveCfg = Debug|x64
		{52A9E8E2-ACC7-4696-8684-5C4984D0350C}.Debug|x64.Build.0 = Debug|x64
		{52A9E8E2-ACC7-4696-8684-5C4984D0350C}.Release|x64.ActiveCfg = Release|x64
		{52A9E8E2-ACC7-4696-8684-5C4984D0350C}.Release|x64.Build.0 = Release|x64
	EndGlobalSection
	GlobalSection(SolutionProperties) = preSolution
		HideSolutionNode = FALSE
	EndGlobalSection
	GlobalSection(ExtensibilityGlobals) = postSolution
		SolutionGuid = {715D883B-ABE6-4E25-A7B9-D575E5EA6D78}
	EndGlobalSection
EndGlobal
